# THIS IS AN AUTOGENERATED FILE. DO NOT EDIT THIS FILE DIRECTLY.
# yarn lockfile v1


"@napi-rs/cli@^2.16.4":
  version "2.18.3"
  resolved "https://registry.yarnpkg.com/@napi-rs/cli/-/cli-2.18.3.tgz#0f1c3cd7b757aa49cfbf52fc864d40881ee534c2"
  integrity sha512-L0f4kP0dyG8W5Qtc7MtP73VvLLrOLyRcUEBzknIfu8Jk4Jfhrsx1ItMHgyalYqMSslWdY3ojEfAaU5sx1VyeQQ==

"@taplo/cli@^0.7.0":
  version "0.7.0"
  resolved "https://registry.yarnpkg.com/@taplo/cli/-/cli-0.7.0.tgz#f0b2c65a169fc6ae9ebecadc2e09d5c681177731"
  integrity sha512-Ck3zFhQhIhi02Hl6T4ZmJsXdnJE+wXcJz5f8klxd4keRYgenMnip3JDPMGDRLbnC/2iGd8P0sBIQqI3KxfVjBg==

eslint-barrel-file-utils-android-arm-eabi@0.0.8:
  version "0.0.7"
  resolved "https://registry.yarnpkg.com/eslint-barrel-file-utils-android-arm-eabi/-/eslint-barrel-file-utils-android-arm-eabi-0.0.7.tgz#88275a6049ddd3b53d41223c5c7ee6936707b909"
  integrity sha512-AqPjKOOhpsH03Ecdfl8Xj5QjNB9JVuOJtHtrGZZzhF/zEazdI51iO3j6XDkud4KCZQ5cFZ+TwvLI6yJYx1uVNA==

eslint-barrel-file-utils-android-arm64@0.0.8:
  version "0.0.7"
  resolved "https://registry.yarnpkg.com/eslint-barrel-file-utils-android-arm64/-/eslint-barrel-file-utils-android-arm64-0.0.7.tgz#eb503451cfe6c55bd1a6215b6d0b288b4feeb95e"
  integrity sha512-WMQLVBku5mp60PEN7i456UCiDxLaw5MFzmzO3cA4dycB2lIZ46adtWofmEonstQv4ryH94fuUJCGSYfg9LuBtQ==

eslint-barrel-file-utils-darwin-arm64@0.0.8:
  version "0.0.7"
  resolved "https://registry.yarnpkg.com/eslint-barrel-file-utils-darwin-arm64/-/eslint-barrel-file-utils-darwin-arm64-0.0.7.tgz#309fd6de18bbecba0c97cf119f939341c737b4c7"
  integrity sha512-1IBN/4EWuJho7t97cvmY5VHoR5kJEIrJvVm35pZ0z1SdmKZD8wTH211E6EJ/mKnTso6fp0Gyj8wfY24vHqiQZg==

eslint-barrel-file-utils-darwin-x64@0.0.8:
  version "0.0.7"
  resolved "https://registry.yarnpkg.com/eslint-barrel-file-utils-darwin-x64/-/eslint-barrel-file-utils-darwin-x64-0.0.7.tgz#41db0aed4d774e73f64d1d8e2fa6462c850443c8"
  integrity sha512-EoONYQj3ZPOvcfSTyJvPIxUSfoVCqlZ/MbrvZzXJpmCL6UxU+KlXlPSlB6VFXYcjCMiL3TeKF+jl6yiXCtQFJQ==

eslint-barrel-file-utils-freebsd-x64@0.0.8:
  version "0.0.7"
  resolved "https://registry.yarnpkg.com/eslint-barrel-file-utils-freebsd-x64/-/eslint-barrel-file-utils-freebsd-x64-0.0.7.tgz#93466008e1d27c6a4fa2721296881bba8312a318"
  integrity sha512-KPE1o+CCgojVPY01E9mqIgaEaSdghWXPLsGmoD96RwHXwSRFleMM6SERG+BRUs6Hw2XDRhazIz7wd7D5d+bdkQ==

eslint-barrel-file-utils-linux-arm-gnueabihf@0.0.8:
  version "0.0.7"
  resolved "https://registry.yarnpkg.com/eslint-barrel-file-utils-linux-arm-gnueabihf/-/eslint-barrel-file-utils-linux-arm-gnueabihf-0.0.7.tgz#5aca3a4e33ca0e2c6078d4ba4a19ef5ad1559e68"
  integrity sha512-dz5QNo5JvxAOJfp+nub2y6IuP3zncb2taHLOjgMYMLgVKIhPcqsy48lFh5FQGzLDnQh/VdWsF8ZbB4Fa3fAY1A==

eslint-barrel-file-utils-linux-arm64-gnu@0.0.8:
  version "0.0.7"
  resolved "https://registry.yarnpkg.com/eslint-barrel-file-utils-linux-arm64-gnu/-/eslint-barrel-file-utils-linux-arm64-gnu-0.0.7.tgz#611ede68f70a26773d84a333c88ba8b6a551a0fa"
  integrity sha512-sleeCYkP/aOHvLovCVe2Z1HlrQCWPAcd8dtj99E/RnEShI6+Do/wQqyiTZoS4FhJuXyBT9lJZWwsHlCy8pz9sQ==

eslint-barrel-file-utils-linux-arm64-musl@0.0.8:
  version "0.0.7"
  resolved "https://registry.yarnpkg.com/eslint-barrel-file-utils-linux-arm64-musl/-/eslint-barrel-file-utils-linux-arm64-musl-0.0.7.tgz#c2987b2a86f4a16e22acf14624cca60d146310dc"
  integrity sha512-LnjZAPGH4RpnFhFTp3wlh3iAjnMky1HOROzFpYe968Eewh+9B6rN45+1sMjowhrULfABX7fyGv8CBPXyAShSuQ==

eslint-barrel-file-utils-linux-x64-gnu@0.0.8:
  version "0.0.7"
  resolved "https://registry.yarnpkg.com/eslint-barrel-file-utils-linux-x64-gnu/-/eslint-barrel-file-utils-linux-x64-gnu-0.0.7.tgz#75bc8b5169735112471ebd4a76cf419a3093dfad"
  integrity sha512-HlkDexH65MyK6wwzmF2KExxnJOytKO2tLuKHkMorQJSerhXim+5u+T1dbhPoR9KIGQPXVM9oeP02idbB9QH6jA==

eslint-barrel-file-utils-linux-x64-musl@0.0.8:
  version "0.0.7"
  resolved "https://registry.yarnpkg.com/eslint-barrel-file-utils-linux-x64-musl/-/eslint-barrel-file-utils-linux-x64-musl-0.0.7.tgz#86d10fb6f948c39f8a1e51621e012457846172af"
  integrity sha512-DYoe33cLcAudM5FMaqaiK9BSVAvnkqLCDpPcLmfiHulmedriILgJrGiyHB/KiuY8yJbF3RFHSAf7o4xGYyeijQ==

eslint-barrel-file-utils-win32-arm64-msvc@0.0.8:
  version "0.0.7"
  resolved "https://registry.yarnpkg.com/eslint-barrel-file-utils-win32-arm64-msvc/-/eslint-barrel-file-utils-win32-arm64-msvc-0.0.7.tgz#d42b6bd461ee5605c281497eaa216a4fe724a739"
  integrity sha512-1HTpMAevy2Sqmnailu93gkz/UOshrKpNfijIzaeST5g82X6Gu2wL8aYGzBxe51850V/Mcs/EVDVZgIuscE6z2g==

eslint-barrel-file-utils-win32-ia32-msvc@0.0.8:
  version "0.0.7"
  resolved "https://registry.yarnpkg.com/eslint-barrel-file-utils-win32-ia32-msvc/-/eslint-barrel-file-utils-win32-ia32-msvc-0.0.7.tgz#6217927e8c4d170b2d3c84b177ca052e1992ca6a"
  integrity sha512-tDEAfw1vt8AxrxwmdhZ3SdXNpCnHth2IS8MdxXQs8j4MOokPHtmBKcVZNe9TbXsAAM1NqcUGwiiLifmIrPDp7Q==

eslint-barrel-file-utils-win32-x64-msvc@0.0.8:
  version "0.0.7"
  resolved "https://registry.yarnpkg.com/eslint-barrel-file-utils-win32-x64-msvc/-/eslint-barrel-file-utils-win32-x64-msvc-0.0.7.tgz#f1a8c875bdb9eb3316abf28eff0857c2749a49db"
  integrity sha512-wYYGUlz+Imc0md7OkIza1gjmVfqjNtqaj9WyrQhYoKaDYcK15sSE7Vz1Av19SrzYrtVKPXQGgO1irysYW6dbJQ==

prettier@^3.0.3:
  version "3.2.5"
  resolved "https://registry.yarnpkg.com/prettier/-/prettier-3.2.5.tgz#e52bc3090586e824964a8813b09aba6233b28368"
  integrity sha512-3/GWa9aOC0YeD7LUfvOG2NiDyhOWRvt1k+rcKhOuYnMY24iiCphgneUfJDyFXd6rZCAnuLBv6UeAULtrhT/F4A==

typescript@^5.2.2:
  version "5.4.5"
  resolved "https://registry.yarnpkg.com/typescript/-/typescript-5.4.5.tgz#42ccef2c571fdbd0f6718b1d1f5e6e5ef006f611"
  integrity sha512-vcI4UpRgg81oIRUFwR0WSIHKt11nJ7SAVlYNIu+QpqeyXP+gpQJy/Z4+F0aGxSE4MqwjyXvW/TzgkLAx2AGHwQ==
